// !$*UTF8*$!
{
	archiveVersion = 1;
	classes = {
	};
	objectVersion = 46;
	objects = {

/* Begin PBXBuildFile section */
		A9DAB23CA1D2B5E49249657C /* Pods_PlayReactive.framework in Frameworks */ = {isa = PBXBuildFile; fileRef = B989AAFF948D1E5D4F52638F /* Pods_PlayReactive.framework */; };
		DCA3399A1E384081001E656D /* AppDelegate.swift in Sources */ = {isa = PBXBuildFile; fileRef = DCA339991E384081001E656D /* AppDelegate.swift */; };
		DCA3399C1E384081001E656D /* ViewController.swift in Sources */ = {isa = PBXBuildFile; fileRef = DCA3399B1E384081001E656D /* ViewController.swift */; };
		DCA3399F1E384081001E656D /* Main.storyboard in Resources */ = {isa = PBXBuildFile; fileRef = DCA3399D1E384081001E656D /* Main.storyboard */; };
		DCA339A11E384081001E656D /* Assets.xcassets in Resources */ = {isa = PBXBuildFile; fileRef = DCA339A01E384081001E656D /* Assets.xcassets */; };
		DCA339A41E384081001E656D /* LaunchScreen.storyboard in Resources */ = {isa = PBXBuildFile; fileRef = DCA339A21E384081001E656D /* LaunchScreen.storyboard */; };
		DCA339AC1E384154001E656D /* ViewModel.swift in Sources */ = {isa = PBXBuildFile; fileRef = DCA339AB1E384154001E656D /* ViewModel.swift */; };
/* End PBXBuildFile section */

/* Begin PBXFileReference section */
		6E21CDDF407297102A63067D /* Pods-PlayReactive.debug.xcconfig */ = {isa = PBXFileReference; includeInIndex = 1; lastKnownFileType = text.xcconfig; name = "Pods-PlayReactive.debug.xcconfig"; path = "Pods/Target Support Files/Pods-PlayReactive/Pods-PlayReactive.debug.xcconfig"; sourceTree = "<group>"; };
		B989AAFF948D1E5D4F52638F /* Pods_PlayReactive.framework */ = {isa = PBXFileReference; explicitFileType = wrapper.framework; includeInIndex = 0; path = Pods_PlayReactive.framework; sourceTree = BUILT_PRODUCTS_DIR; };
		BBFA1E15759C61088AD18562 /* Pods-PlayReactive.release.xcconfig */ = {isa = PBXFileReference; includeInIndex = 1; lastKnownFileType = text.xcconfig; name = "Pods-PlayReactive.release.xcconfig"; path = "Pods/Target Support Files/Pods-PlayReactive/Pods-PlayReactive.release.xcconfig"; sourceTree = "<group>"; };
		DCA339961E384081001E656D /* PlayReactive.app */ = {isa = PBXFileReference; explicitFileType = wrapper.application; includeInIndex = 0; path = PlayReactive.app; sourceTree = BUILT_PRODUCTS_DIR; };
		DCA339991E384081001E656D /* AppDelegate.swift */ = {isa = PBXFileReference; lastKnownFileType = sourcecode.swift; path = AppDelegate.swift; sourceTree = "<group>"; };
		DCA3399B1E384081001E656D /* ViewController.swift */ = {isa = PBXFileReference; lastKnownFileType = sourcecode.swift; path = ViewController.swift; sourceTree = "<group>"; };
		DCA3399E1E384081001E656D /* Base */ = {isa = PBXFileReference; lastKnownFileType = file.storyboard; name = Base; path = Base.lproj/Main.storyboard; sourceTree = "<group>"; };
		DCA339A01E384081001E656D /* Assets.xcassets */ = {isa = PBXFileReference; lastKnownFileType = folder.assetcatalog; path = Assets.xcassets; sourceTree = "<group>"; };
		DCA339A31E384081001E656D /* Base */ = {isa = PBXFileReference; lastKnownFileType = file.storyboard; name = Base; path = Base.lproj/LaunchScreen.storyboard; sourceTree = "<group>"; };
		DCA339A51E384081001E656D /* Info.plist */ = {isa = PBXFileReference; lastKnownFileType = text.plist.xml; path = Info.plist; sourceTree = "<group>"; };
		DCA339AB1E384154001E656D /* ViewModel.swift */ = {isa = PBXFileReference; fileEncoding = 4; lastKnownFileType = sourcecode.swift; path = ViewModel.swift; sourceTree = "<group>"; };
/* End PBXFileReference section */

/* Begin PBXFrameworksBuildPhase section */
		DCA339931E384081001E656D /* Frameworks */ = {
			isa = PBXFrameworksBuildPhase;
			buildActionMask = 2147483647;
			files = (
				A9DAB23CA1D2B5E49249657C /* Pods_PlayReactive.framework in Frameworks */,
			);
			runOnlyForDeploymentPostprocessing = 0;
		};
/* End PBXFrameworksBuildPhase section */

/* Begin PBXGroup section */
		AB34A739D6E6352E202435DC /* Pods */ = {
			isa = PBXGroup;
			children = (
				6E21CDDF407297102A63067D /* Pods-PlayReactive.debug.xcconfig */,
				BBFA1E15759C61088AD18562 /* Pods-PlayReactive.release.xcconfig */,
			);
			name = Pods;
			sourceTree = "<group>";
		};
		CE1657507E4F9C5A1ECE86FF /* Frameworks */ = {
			isa = PBXGroup;
			children = (
				B989AAFF948D1E5D4F52638F /* Pods_PlayReactive.framework */,
			);
			name = Frameworks;
			sourceTree = "<group>";
		};
		DCA3398D1E384081001E656D = {
			isa = PBXGroup;
			children = (
				DCA339981E384081001E656D /* PlayReactive */,
				DCA339971E384081001E656D /* Products */,
				AB34A739D6E6352E202435DC /* Pods */,
				CE1657507E4F9C5A1ECE86FF /* Frameworks */,
			);
			sourceTree = "<group>";
		};
		DCA339971E384081001E656D /* Products */ = {
			isa = PBXGroup;
			children = (
				DCA339961E384081001E656D /* PlayReactive.app */,
			);
			name = Products;
			sourceTree = "<group>";
		};
		DCA339981E384081001E656D /* PlayReactive */ = {
			isa = PBXGroup;
			children = (
				DCA339991E384081001E656D /* AppDelegate.swift */,
				DCA3399B1E384081001E656D /* ViewController.swift */,
				DCA3399D1E384081001E656D /* Main.storyboard */,
				DCA339A01E384081001E656D /* Assets.xcassets */,
				DCA339A21E384081001E656D /* LaunchScreen.storyboard */,
				DCA339A51E384081001E656D /* Info.plist */,
				DCA339AB1E384154001E656D /* ViewModel.swift */,
			);
			path = PlayReactive;
			sourceTree = "<group>";
		};
/* End PBXGroup section */

/* Begin PBXNativeTarget section */
		DCA339951E384081001E656D /* PlayReactive */ = {
			isa = PBXNativeTarget;
			buildConfigurationList = DCA339A81E384081001E656D /* Build configuration list for PBXNativeTarget "PlayReactive" */;
			buildPhases = (
				70D0E95D20129A5CFB607EEA /* [CP] Check Pods Manifest.lock */,
				DCA339921E384081001E656D /* Sources */,
				DCA339931E384081001E656D /* Frameworks */,
				DCA339941E384081001E656D /* Resources */,
				A933E8D57791C87066EF94C4 /* [CP] Embed Pods Frameworks */,
				82FD9EB8DCB564B90A256F6B /* [CP] Copy Pods Resources */,
			);
			buildRules = (
			);
			dependencies = (
			);
			name = PlayReactive;
			productName = PlayReactive;
			productReference = DCA339961E384081001E656D /* PlayReactive.app */;
			productType = "com.apple.product-type.application";
		};
/* End PBXNativeTarget section */

/* Begin PBXProject section */
		DCA3398E1E384081001E656D /* Project object */ = {
			isa = PBXProject;
			attributes = {
				LastSwiftUpdateCheck = 0820;
				LastUpgradeCheck = 0820;
				ORGANIZATIONNAME = "View The Space";
				TargetAttributes = {
					DCA339951E384081001E656D = {
						CreatedOnToolsVersion = 8.2.1;
						DevelopmentTeam = 4BV8323W5J;
						ProvisioningStyle = Automatic;
					};
				};
			};
			buildConfigurationList = DCA339911E384081001E656D /* Build configuration list for PBXProject "PlayReactive" */;
			compatibilityVersion = "Xcode 3.2";
			developmentRegion = English;
			hasScannedForEncodings = 0;
			knownRegions = (
				en,
				Base,
			);
			mainGroup = DCA3398D1E384081001E656D;
			productRefGroup = DCA339971E384081001E656D /* Products */;
			projectDirPath = "";
			projectRoot = "";
			targets = (
				DCA339951E384081001E656D /* PlayReactive */,
			);
		};
/* End PBXProject section */

/* Begin PBXResourcesBuildPhase section */
		DCA339941E384081001E656D /* Resources */ = {
			isa = PBXResourcesBuildPhase;
			buildActionMask = 2147483647;
			files = (
				DCA339A41E384081001E656D /* LaunchScreen.storyboard in Resources */,
				DCA339A11E384081001E656D /* Assets.xcassets in Resources */,
				DCA3399F1E384081001E656D /* Main.storyboard in Resources */,
			);
			runOnlyForDeploymentPostprocessing = 0;
		};
/* End PBXResourcesBuildPhase section */

/* Begin PBXShellScriptBuildPhase section */
		70D0E95D20129A5CFB607EEA /* [CP] Check Pods Manifest.lock */ = {
			isa = PBXShellScriptBuildPhase;
			buildActionMask = 2147483647;
			files = (
			);
			inputPaths = (
			);
			name = "[CP] Check Pods Manifest.lock";
			outputPaths = (
			);
			runOnlyForDeploymentPostprocessing = 0;
			shellPath = /bin/sh;
			shellScript = "diff \"${PODS_ROOT}/../Podfile.lock\" \"${PODS_ROOT}/Manifest.lock\" > /dev/null\nif [ $? != 0 ] ; then\n    # print error to STDERR\n    echo \"error: The sandbox is not in sync with the Podfile.lock. Run 'pod install' or update your CocoaPods installation.\" >&2\n    exit 1\nfi\n";
			showEnvVarsInLog = 0;
		};
		82FD9EB8DCB564B90A256F6B /* [CP] Copy Pods Resources */ = {
			isa = PBXShellScriptBuildPhase;
			buildActionMask = 2147483647;
			files = (
			);
			inputPaths = (
			);
			name = "[CP] Copy Pods Resources";
			outputPaths = (
			);
			runOnlyForDeploymentPostprocessing = 0;
			shellPath = /bin/sh;
			shellScript = "\"${SRCROOT}/Pods/Target Support Files/Pods-PlayReactive/Pods-PlayReactive-resources.sh\"\n";
			showEnvVarsInLog = 0;
		};
		A933E8D57791C87066EF94C4 /* [CP] Embed Pods Frameworks */ = {
			isa = PBXShellScriptBuildPhase;
			buildActionMask = 2147483647;
			files = (
			);
			inputPaths = (
			);
			name = "[CP] Embed Pods Frameworks";
			outputPaths = (
			);
			runOnlyForDeploymentPostprocessing = 0;
			shellPath = /bin/sh;
			shellScript = "\"${SRCROOT}/Pods/Target Support Files/Pods-PlayReactive/Pods-PlayReactive-frameworks.sh\"\n";
			showEnvVarsInLog = 0;
		};
/* End PBXShellScriptBuildPhase section */

/* Begin PBXSourcesBuildPhase section */
		DCA339921E384081001E656D /* Sources */ = {
			isa = PBXSourcesBuildPhase;
			buildActionMask = 2147483647;
			files = (
				DCA3399C1E384081001E656D /* ViewController.swift in Sources */,
				DCA339AC1E384154001E656D /* ViewModel.swift in Sources */,
				DCA3399A1E384081001E656D /* AppDelegate.swift in Sources */,
			);
			runOnlyForDeploymentPostprocessing = 0;
		};
/* End PBXSourcesBuildPhase section */

/* Begin PBXVariantGroup section */
		DCA3399D1E384081001E656D /* Main.storyboard */ = {
			isa = PBXVariantGroup;
			children = (
				DCA3399E1E384081001E656D /* Base */,
			);
			name = Main.storyboard;
			sourceTree = "<group>";
		};
		DCA339A21E384081001E656D /* LaunchScreen.storyboard */ = {
			isa = PBXVariantGroup;
			children = (
				DCA339A31E384081001E656D /* Base */,
			);
			name = LaunchScreen.storyboard;
			sourceTree = "<group>";
		};
/* End PBXVariantGroup section */

/* Begin XCBuildConfiguration section */
		DCA339A61E384081001E656D /* Debug */ = {
			isa = XCBuildConfiguration;
			buildSettings = {
				ALWAYS_SEARCH_USER_PATHS = NO;
				CLANG_ANALYZER_NONNULL = YES;
				CLANG_CXX_LANGUAGE_STANDARD = "gnu++0x";
				CLANG_CXX_LIBRARY = "libc++";
				CLANG_ENABLE_MODULES = YES;
				CLANG_ENABLE_OBJC_ARC = YES;
				CLANG_WARN_BOOL_CONVERSION = YES;
				CLANG_WARN_CONSTANT_CONVERSION = YES;
				CLANG_WARN_DIRECT_OBJC_ISA_USAGE = YES_ERROR;
				CLANG_WARN_DOCUMENTATION_COMMENTS = YES;
				CLANG_WARN_EMPTY_BODY = YES;
				CLANG_WARN_ENUM_CONVERSION = YES;
				CLANG_WARN_INFINITE_RECURSION = YES;
				CLANG_WARN_INT_CONVERSION = YES;
				CLANG_WARN_OBJC_ROOT_CLASS = YES_ERROR;
				CLANG_WARN_SUSPICIOUS_MOVE = YES;
				CLANG_WARN_UNREACHABLE_CODE = YES;
				CLANG_WARN__DUPLICATE_METHOD_MATCH = YES;
				"CODE_SIGN_IDENTITY[sdk=iphoneos*]" = "iPhone Developer";
				COPY_PHASE_STRIP = NO;
				DEBUG_INFORMATION_FORMAT = dwarf;
				ENABLE_STRICT_OBJC_MSGSEND = YES;
				ENABLE_TESTABILITY = YES;
				GCC_C_LANGUAGE_STANDARD = gnu99;
				GCC_DYNAMIC_NO_PIC = NO;
				GCC_NO_COMMON_BLOCKS = YES;
				GCC_OPTIMIZATION_LEVEL = 0;
				GCC_PREPROCESSOR_DEFINITIONS = (
					"DEBUG=1",
					"$(inherited)",
				);
				GCC_WARN_64_TO_32_BIT_CONVERSION = YES;
				GCC_WARN_ABOUT_RETURN_TYPE = YES_ERROR;
				GCC_WARN_UNDECLARED_SELECTOR = YES;
				GCC_WARN_UNINITIALIZED_AUTOS = YES_AGGRESSIVE;
				GCC_WARN_UNUSED_FUNCTION = YES;
				GCC_WARN_UNUSED_VARIABLE = YES;
				IPHONEOS_DEPLOYMENT_TARGET = 10.2;
				MTL_ENABLE_DEBUG_INFO = YES;
				ONLY_ACTIVE_ARCH = YES;
				SDKROOT = iphoneos;
				SWIFT_ACTIVE_COMPILATION_CONDITIONS = DEBUG;
				SWIFT_OPTIMIZATION_LEVEL = "-Onone";
			};
			name = Debug;
		};
		DCA339A71E384081001E656D /* Release */ = {
			isa = XCBuildConfiguration;
			buildSettings = {
				ALWAYS_SEARCH_USER_PATHS = NO;
				CLANG_ANALYZER_NONNULL = YES;
				CLANG_CXX_LANGUAGE_STANDARD = "gnu++0x";
				CLANG_CXX_LIBRARY = "libc++";
				CLANG_ENABLE_MODULES = YES;
				CLANG_ENABLE_OBJC_ARC = YES;
				CLANG_WARN_BOOL_CONVERSION = YES;
				CLANG_WARN_CONSTANT_CONVERSION = YES;
				CLANG_WARN_DIRECT_OBJC_ISA_USAGE = YES_ERROR;
				CLANG_WARN_DOCUMENTATION_COMMENTS = YES;
				CLANG_WARN_EMPTY_BODY = YES;
				CLANG_WARN_ENUM_CONVERSION = YES;
				CLANG_WARN_INFINITE_RECURSION = YES;
				CLANG_WARN_INT_CONVERSION = YES;
				CLANG_WARN_OBJC_ROOT_CLASS = YES_ERROR;
				CLANG_WARN_SUSPICIOUS_MOVE = YES;
				CLANG_WARN_UNREACHABLE_CODE = YES;
				CLANG_WARN__DUPLICATE_METHOD_MATCH = YES;
				"CODE_SIGN_IDENTITY[sdk=iphoneos*]" = "iPhone Developer";
				COPY_PHASE_STRIP = NO;
				DEBUG_INFORMATION_FORMAT = "dwarf-with-dsym";
				ENABLE_NS_ASSERTIONS = NO;
				ENABLE_STRICT_OBJC_MSGSEND = YES;
				GCC_C_LANGUAGE_STANDARD = gnu99;
				GCC_NO_COMMON_BLOCKS = YES;
				GCC_WARN_64_TO_32_BIT_CONVERSION = YES;
				GCC_WARN_ABOUT_RETURN_TYPE = YES_ERROR;
				GCC_WARN_UNDECLARED_SELECTOR = YES;
				GCC_WARN_UNINITIALIZED_AUTOS = YES_AGGRESSIVE;
				GCC_WARN_UNUSED_FUNCTION = YES;
				GCC_WARN_UNUSED_VARIABLE = YES;
				IPHONEOS_DEPLOYMENT_TARGET = 10.2;
				MTL_ENABLE_DEBUG_INFO = NO;
				SDKROOT = iphoneos;
				SWIFT_OPTIMIZATION_LEVEL = "-Owholemodule";
				VALIDATE_PRODUCT = YES;
			};
			name = Release;
		};
		DCA339A91E384081001E656D /* Debug */ = {
			isa = XCBuildConfiguration;
			baseConfigurationReference = 6E21CDDF407297102A63067D /* Pods-PlayReactive.debug.xcconfig */;
			buildSettings = {
				ASSETCATALOG_COMPILER_APPICON_NAME = AppIcon;
				DEVELOPMENT_TEAM = 4BV8323W5J;
				INFOPLIST_FILE = PlayReactive/Info.plist;
				LD_RUNPATH_SEARCH_PATHS = "$(inherited) @executable_path/Frameworks";
				PRODUCT_BUNDLE_IDENTIFIER = com.viewthespace.PlayReactive;
				PRODUCT_NAME = "$(TARGET_NAME)";
				SWIFT_VERSION = 3.0;
			};
			name = Debug;
		};
		DCA339AA1E384081001E656D /* Release */ = {
			isa = XCBuildConfiguration;
			baseConfigurationReference = BBFA1E15759C61088AD18562 /* Pods-PlayReactive.release.xcconfig */;
			buildSettings = {
				ASSETCATALOG_COMPILER_APPICON_NAME = AppIcon;
				DEVELOPMENT_TEAM = 4BV8323W5J;
				INFOPLIST_FILE = PlayReactive/Info.plist;
				LD_RUNPATH_SEARCH_PATHS = "$(inherited) @executable_path/Frameworks";
				PRODUCT_BUNDLE_IDENTIFIER = com.viewthespace.PlayReactive;
				PRODUCT_NAME = "$(TARGET_NAME)";
				SWIFT_VERSION = 3.0;
			};
			name = Release;
		};
/* End XCBuildConfiguration section */

/* Begin XCConfigurationList section */
		DCA339911E384081001E656D /* Build configuration list for PBXProject "PlayReactive" */ = {
			isa = XCConfigurationList;
			buildConfigurations = (
				DCA339A61E384081001E656D /* Debug */,
				DCA339A71E384081001E656D /* Release */,
			);
			defaultConfigurationIsVisible = 0;
			defaultConfigurationName = Release;
		};
		DCA339A81E384081001E656D /* Build configuration list for PBXNativeTarget "PlayReactive" */ = {
			isa = XCConfigurationList;
			buildConfigurations = (
				DCA339A91E384081001E656D /* Debug */,
				DCA339AA1E384081001E656D /* Release */,
			);
			defaultConfigurationIsVisible = 0;
			defaultConfigurationName = Release;
		};
/* End XCConfigurationList section */
	};
	rootObject = DCA3398E1E384081001E656D /* Project object */;
}
